# This file was autogenerated by Stack.
# You should not edit this file by hand.
# For more information, please see the documentation at:
#   https://docs.haskellstack.org/en/stable/lock_files

packages:
- completed:
    hackage: co-log-0.4.0.1@sha256:3d4c17f37693c80d1aa2c41669bc3438fac3e89dc5f479e57d79bc3ddc4dfcc5,5087
    pantry-tree:
      size: 1126
      sha256: e73165ff8f744709428e2e87984c9d60ca1cec43d8455c413181c7c466e7497c
  original:
    hackage: co-log-0.4.0.1@sha256:3d4c17f37693c80d1aa2c41669bc3438fac3e89dc5f479e57d79bc3ddc4dfcc5,5087
- completed:
    hackage: ansi-terminal-0.10.3@sha256:e2fbcef5f980dc234c7ad8e2fa433b0e8109132c9e643bc40ea5608cd5697797,3226
    pantry-tree:
      size: 1461
      sha256: 02f05d52be3ffcf36c78876629cbab80b63420672685371aea4fd10e1c4aabb6
  original:
    hackage: ansi-terminal-0.10.3@sha256:e2fbcef5f980dc234c7ad8e2fa433b0e8109132c9e643bc40ea5608cd5697797,3226
- completed:
    hackage: postgresql-migration-0.2.1.3@sha256:7ddaa8f85b3a680153bcfe4befebd6a184fb85445cb802855578073e8822b96f,4990
    pantry-tree:
      size: 1146
      sha256: 81194cfda4c3666f80b0a3ec9c1cea47442075644267ea942d56b45b1a171043
  original:
    hackage: postgresql-migration-0.2.1.3@sha256:7ddaa8f85b3a680153bcfe4befebd6a184fb85445cb802855578073e8822b96f,4990
- completed:
    hackage: colourista-0.1.0.1@sha256:98353ee0e2f5d97d2148513f084c1cd37dfda03e48aa9dd7a017c9d9c0ba710e,3307
    pantry-tree:
      size: 571
      sha256: aa027b21ac1ed1d446a4b20b9a1708fabed9042edf7a28ef05f3fc6278b07841
  original:
    hackage: colourista-0.1.0.1@sha256:98353ee0e2f5d97d2148513f084c1cd37dfda03e48aa9dd7a017c9d9c0ba710e,3307
- completed:
    hackage: optics-core-0.4@sha256:59e04aebca536bd011ae50c781937f45af4c1456af1eb9fb578f9a69eee293cd,4995
    pantry-tree:
      size: 5315
      sha256: 0b8b5824efec35faede5a4c5d7c6f47c6b4708885942f7a7f73c892a5c3c5738
  original:
    hackage: optics-core-0.4@sha256:59e04aebca536bd011ae50c781937f45af4c1456af1eb9fb578f9a69eee293cd,4995
- completed:
    hackage: optics-th-0.4@sha256:7c838b5b1d6998133bf8f0641c36197ed6cb468dc69515e1952f33f0bbe8e11d,2009
    pantry-tree:
      size: 741
      sha256: 41e77d095f528791a181589af631373d2a2fa63ab43564462cd2ce2a185ec3a8
  original:
    hackage: optics-th-0.4@sha256:7c838b5b1d6998133bf8f0641c36197ed6cb468dc69515e1952f33f0bbe8e11d,2009
- completed:
    hackage: hspec-pg-transact-0.1.0.3@sha256:5350b93a07ff1e728377b27d37b503165cd906d54618398142b2008fcc08257a,2250
    pantry-tree:
      size: 383
      sha256: 1946a9b681e250e26f80246321260c1e5e0acaae7d0c74d40a5ce3ba60bad2f6
  original:
    hackage: hspec-pg-transact-0.1.0.3@sha256:5350b93a07ff1e728377b27d37b503165cd906d54618398142b2008fcc08257a,2250
- completed:
    hackage: postgresql-simple-named-0.0.2.0@sha256:e8756b2cc4618b959c4a2ef4f32436841cc2bd6ddfcafcdf3298990eca4c38b2,3290
    pantry-tree:
      size: 386
      sha256: d8a47494c00e943100ec424e0b514c530a13b456f160e2a2d76a7ff5c613157f
  original:
    hackage: postgresql-simple-named-0.0.2.0@sha256:e8756b2cc4618b959c4a2ef4f32436841cc2bd6ddfcafcdf3298990eca4c38b2,3290
- completed:
    hackage: regex-tdfa-quasiquoter-0.2.1.0@sha256:964b2ef0d48a1b4caf3a45bedad01ed36fc1b1e4b4041421b4cd29c49d42633d,1207
    pantry-tree:
      size: 317
      sha256: 2ad36a0bd790c5ff6e2b922a3ae320ba7574911a6f710e3eedcbdddfeba1b0e6
  original:
    hackage: regex-tdfa-quasiquoter-0.2.1.0@sha256:964b2ef0d48a1b4caf3a45bedad01ed36fc1b1e4b4041421b4cd29c49d42633d,1207
- completed:
    hackage: servant-lucid-0.9.0.3@sha256:7408b9b7bdf63b37b0fc6565c8d076ab40b606d022ff3f3e493b6a59e9727193,1787
    pantry-tree:
      size: 392
      sha256: dcf4c0f8f22bd92ba2e20ce7ab812d72850b380050a15097572d14756f8aa582
  original:
    hackage: servant-lucid-0.9.0.3@sha256:7408b9b7bdf63b37b0fc6565c8d076ab40b606d022ff3f3e493b6a59e9727193,1787
- completed:
    hackage: lucid-htmx-0.1.0.3@sha256:54c40c2e02c82c34643d65b3ca3fcd12b7db81530879bb808a82703bf2447b7f,1521
    pantry-tree:
      size: 498
      sha256: a0ae4c49b51975cad7126e0e65a69effe6e6b38a193c3c4b5df2ebce62674f99
  original:
    hackage: lucid-htmx-0.1.0.3@sha256:54c40c2e02c82c34643d65b3ca3fcd12b7db81530879bb808a82703bf2447b7f,1521
- completed:
    hackage: chronos-1.1.3@sha256:6e817a0e265c9f7a4451404597e010ad7b4aebfe38762c6ab2cb514fb5b455d2,3933
    pantry-tree:
      size: 637
      sha256: af6bdd69d0cdfaa594c3e163290cb46ec3bb805b72dfef3563118e21c956e253
  original:
    hackage: chronos-1.1.3@sha256:6e817a0e265c9f7a4451404597e010ad7b4aebfe38762c6ab2cb514fb5b455d2,3933
- completed:
    hackage: co-log-core-0.3.0.0@sha256:cd5fde04475ae6926bb3cdb071180b399652c30583263f823c41fb1f34b038ef,3520
    pantry-tree:
      size: 584
      sha256: 3278fd22a482ea5351c354b44f49498466ac46129dd51939e7b569f5994b7619
  original:
    hackage: co-log-core-0.3.0.0@sha256:cd5fde04475ae6926bb3cdb071180b399652c30583263f823c41fb1f34b038ef,3520
- completed:
    hackage: bytebuild-0.3.9.0@sha256:8639f2640dc5905d6d57d74d391cdff47b16218aa80420fa6ef35e344fe1b134,3196
    pantry-tree:
      size: 1135
      sha256: d3a0678313c11c3d9db3f4de969b23e4c27e131883ad898d75bc8742a1c49345
  original:
    hackage: bytebuild-0.3.9.0@sha256:8639f2640dc5905d6d57d74d391cdff47b16218aa80420fa6ef35e344fe1b134,3196
- completed:
    hackage: byteslice-0.2.6.0@sha256:ec2dab1d8730cea844d3b3fc6b890e038c32cac2595426904d93fad7c836f5c5,2482
    pantry-tree:
      size: 1585
      sha256: 4e036953a074342461ccfb83a0822644aa3918a76306227b2e31d4ad07e202ed
  original:
    hackage: byteslice-0.2.6.0@sha256:ec2dab1d8730cea844d3b3fc6b890e038c32cac2595426904d93fad7c836f5c5,2482
- completed:
    hackage: bytesmith-0.3.8.0@sha256:c17c0eb6702dfa209b2e5e7496d72f770d0b5dc2adf30da62f611966ebbb69f5,1863
    pantry-tree:
      size: 1185
      sha256: a8714bdfd649a717a1fdfa8f0e64c1e1d6f87893b36cdfa605491129e0c1cf04
  original:
    hackage: bytesmith-0.3.8.0@sha256:c17c0eb6702dfa209b2e5e7496d72f770d0b5dc2adf30da62f611966ebbb69f5,1863
- completed:
    hackage: contiguous-0.6.1.1@sha256:10922abbdf6c61cb4a9e493609871c4fd0c47dcde17dba3a6b6c420ef76fc212,1871
    pantry-tree:
      size: 600
      sha256: e17834983b11be7cf05fca6a139987bf970634bf8bcf31621cf09d92aaecdd85
  original:
    hackage: contiguous-0.6.1.1@sha256:10922abbdf6c61cb4a9e493609871c4fd0c47dcde17dba3a6b6c420ef76fc212,1871
- completed:
    hackage: run-st-0.1.1.0@sha256:a43245bb23984089016772481bf52bfe63eaff0c5040303f69c9b15e80872fdc,883
    pantry-tree:
      size: 269
      sha256: 06d5d7ecf185a26c15e48cda6c30e8865dae715c528a31466701272fae36d822
  original:
    hackage: run-st-0.1.1.0@sha256:a43245bb23984089016772481bf52bfe63eaff0c5040303f69c9b15e80872fdc,883
- completed:
    hackage: natural-arithmetic-0.1.2.0@sha256:ac25a0561c8378530a62f02df83680afb193ed1059bb43e3130e0074b5b3f16b,3411
    pantry-tree:
      size: 716
      sha256: e1e5b16f53fe2a7378d38dcae5069dcc1c6e37f8e1473f091ae1f7d788b1c688
  original:
    hackage: natural-arithmetic-0.1.2.0@sha256:ac25a0561c8378530a62f02df83680afb193ed1059bb43e3130e0074b5b3f16b,3411
- completed:
    hackage: primitive-offset-0.2.0.0@sha256:f8006927d5c0a3e83707610bbc5514aabe8f84a907ecb07edd2c815f58299dea,843
    pantry-tree:
      size: 368
      sha256: 6dbc2fbfd70920a1de5a76d3715506edc0895c81a2f7b856d3abb027865d4605
  original:
    hackage: primitive-offset-0.2.0.0@sha256:f8006927d5c0a3e83707610bbc5514aabe8f84a907ecb07edd2c815f58299dea,843
- completed:
    hackage: tuples-0.1.0.0@sha256:7006c1cab721ad3e39cdbf1ccb07ec050b94d654cc6e39277d46241eee6ac7c9,1088
    pantry-tree:
      size: 320
      sha256: 57009cc671ed8e43738be3bf7b1392461ad086083df633a2f4f9c7206a14a79c
  original:
    hackage: tuples-0.1.0.0@sha256:7006c1cab721ad3e39cdbf1ccb07ec050b94d654cc6e39277d46241eee6ac7c9,1088
- completed:
    hackage: digestive-functors-0.8.4.2@sha256:badff1797b6dcd860a48ed4558985b2f6bec501e1016fa5afd9d7d6b0d8e4c08,3364
    pantry-tree:
      size: 1682
      sha256: 53ce82c7f0c60c10009b1b764b537117a4ab402bbe1a147fba5ad2263acb3025
  original:
    hackage: digestive-functors-0.8.4.2@sha256:badff1797b6dcd860a48ed4558985b2f6bec501e1016fa5afd9d7d6b0d8e4c08,3364
- completed:
    hackage: transformers-either-0.1.2@sha256:e2ba24af49df7fa09794dcff6cb203d086d5c18e35b3cf10a8ecf7eb465fdedf,1677
    pantry-tree:
      size: 270
      sha256: 9c3388ec26e91b6f5115ddeafee991a3589b76b67ea15e333af5946706be374c
  original:
    hackage: transformers-either-0.1.2@sha256:e2ba24af49df7fa09794dcff6cb203d086d5c18e35b3cf10a8ecf7eb465fdedf,1677
- completed:
    hackage: doctest-parallel-0.2.1@sha256:c6c0d095dd6e0b8ce1bd9f6f5fc4e0cf5cf50b6895b557356ac41b8aa2947399,5631
    pantry-tree:
      size: 7415
      sha256: 8dbc2bc8c5dc5a97f3f0c4fa49f77bddc6d55a5b524f15432a8fb9c3a5aae2ce
  original:
    hackage: doctest-parallel-0.2.1@sha256:c6c0d095dd6e0b8ce1bd9f6f5fc4e0cf5cf50b6895b557356ac41b8aa2947399,5631
- completed:
    hackage: lucid-hyperscript-0.1.0.2@sha256:c3b048424e75c0e9cbadc30f7ebeb6abc164c2b45b2c995fd0674d4cc57be216,2035
    pantry-tree:
      size: 502
      sha256: 4fad3e11a8a599a8bc05a9b70d22d29dbdc07740ab8ebd5e4236af37f20ee554
  original:
    hackage: lucid-hyperscript-0.1.0.2@sha256:c3b048424e75c0e9cbadc30f7ebeb6abc164c2b45b2c995fd0674d4cc57be216,2035
- completed:
    hackage: lucid-svg-0.7.1@sha256:012455fd2b1ec6b0f3bba405fd66c99cc6d26592bf25c2624741969567c6e510,1088
    pantry-tree:
      size: 456
      sha256: 46cd22d19a82b9defe4cdec84eaca2fbc804d81515631f0afdb7f2c76a7b548a
  original:
    hackage: lucid-svg-0.7.1@sha256:012455fd2b1ec6b0f3bba405fd66c99cc6d26592bf25c2624741969567c6e510,1088
- completed:
    hackage: servant-htmx-0.1.0.1@sha256:280470ac28adb11362929915dce69af0ba5edae9355b09a80d91b558b9fcff7a,1817
    pantry-tree:
      size: 415
      sha256: 388bad47143abf00e408a48bf11e1cc06e31338f5703e22d5a43dcb3d7ecf945
  original:
    hackage: servant-htmx-0.1.0.1@sha256:280470ac28adb11362929915dce69af0ba5edae9355b09a80d91b558b9fcff7a,1817
- completed:
    hackage: text-display-0.0.1.0@sha256:b8a94bf4188b77dbcdc7f8d290c998643780e8be5a5df58034b4098d19cd2481,1859
    pantry-tree:
      size: 330
      sha256: ee3ab08a0af09c07070394163857f516192d2f8072e6fc140d64e2bd5562be23
  original:
    hackage: text-display-0.0.1.0@sha256:b8a94bf4188b77dbcdc7f8d290c998643780e8be5a5df58034b4098d19cd2481,1859
- completed:
    hackage: odd-jobs-0.2.2@sha256:6bb890a74f8f075e4f058dbe04ea16a60985c09944b76fcbd27061b785acefc8,6718
    pantry-tree:
      size: 2357
      sha256: 16593747cbc70035535bba6ab740c52941c3403d5149bedbeb4ef8884d90f9a2
  original:
    hackage: odd-jobs-0.2.2@sha256:6bb890a74f8f075e4f058dbe04ea16a60985c09944b76fcbd27061b785acefc8,6718
- completed:
    hackage: direct-daemonize-3.1@sha256:f33505932b8613267cd8ad2d51470af2c5708d750ddf55a5dd38292f04962dcc,1630
    pantry-tree:
      size: 220
      sha256: 5cbf9c1ac065471cb9caa29136b06bcddee17800bbc3e8ed6020b4af19a81f3e
  original:
    hackage: direct-daemonize-3.1@sha256:f33505932b8613267cd8ad2d51470af2c5708d750ddf55a5dd38292f04962dcc,1630
- completed:
    hackage: servant-static-th-1.0.0.0@sha256:7dc46a426d8c78ee0386729159e8bbc18ff98e0dd700a2c723c87901b204fa6c,3883
    pantry-tree:
      size: 1493
      sha256: 13269fcc1c871ee1548d31010f0278484318bffbd9b8e0c0bfdfab4e27d6c3d5
  original:
    hackage: servant-static-th-1.0.0.0@sha256:7dc46a426d8c78ee0386729159e8bbc18ff98e0dd700a2c723c87901b204fa6c,3883
- completed:
    hackage: timing-convenience-0.1@sha256:7ff807a9a9e5596f2b18d45c5a01aefb91d4a98f6a1008d183b5c550f68f7cb7,2092
    pantry-tree:
      size: 469
      sha256: fbcb00f5b8a4f7b8fd94b034b7f507ffdd7579848de782ce60ad2b661dcb2b42
  original:
    hackage: timing-convenience-0.1@sha256:7ff807a9a9e5596f2b18d45c5a01aefb91d4a98f6a1008d183b5c550f68f7cb7,2092
- completed:
    hackage: parallel-io-0.3.5@sha256:97db32eb84b3141f4957f6d208c0ef8adce647cbf68099417e93c7d9a45f9b35,3482
    pantry-tree:
      size: 706
      sha256: 9c81a6a331620aca19c7f8cfb88df2a9584346820687d75147b2a7bab87e112b
  original:
    hackage: parallel-io-0.3.5@sha256:97db32eb84b3141f4957f6d208c0ef8adce647cbf68099417e93c7d9a45f9b35,3482
- completed:
    hackage: Unique-0.4.7.9@sha256:a7e154cf6d05169777a1e54aadab24fb3a6eae3ee167e5e77d7ba96d182436c7,2064
    pantry-tree:
      size: 1366
      sha256: eb62502b1de8adee91f0feb104a36f87a21a9367f95295d4f12c73183a9b1e54
  original:
    hackage: Unique-0.4.7.9@sha256:a7e154cf6d05169777a1e54aadab24fb3a6eae3ee167e5e77d7ba96d182436c7,2064
- completed:
    hackage: transformers-except-0.1.2@sha256:2ff895fd65ec9e45cbe839ef5b66e26b7d9f3fe561148993293a41e14491e625,1548
    pantry-tree:
      size: 276
      sha256: 255031ad4b86a6f3cecd01752ba63186d54c07dd4f667ed77033326970f0120c
  original:
    hackage: transformers-except-0.1.2@sha256:2ff895fd65ec9e45cbe839ef5b66e26b7d9f3fe561148993293a41e14491e625,1548
- completed:
    hackage: xxhash-0.0.2@sha256:ed6892fd5827a16bea1641619c586234b6aacd39d26b076a5bc6cf9dc6baacb9,1842
    pantry-tree:
      size: 570
      sha256: 022bde7ca7aaf3eff9b4543c6f5ed2826bae9d13721a32ca62ef353d84f2b798
  original:
    hackage: xxhash-0.0.2@sha256:ed6892fd5827a16bea1641619c586234b6aacd39d26b076a5bc6cf9dc6baacb9,1842
- completed:
    hackage: hex-text-0.1.0.6@sha256:b38dfcc8626a9235fea9b2dad01870816e864c8322041c176b1923c03310ee0f,1183
    pantry-tree:
      size: 367
      sha256: 173e0878f628c770df9efb76d98148a4219cf1a8fdb36ff48e01d79fec16b32d
  original:
    hackage: hex-text-0.1.0.6@sha256:b38dfcc8626a9235fea9b2dad01870816e864c8322041c176b1923c03310ee0f,1183
- completed:
    subdir: .
    name: base64
    version: 0.4.2.4
    git: https://github.com/emilypi/base64
    pantry-tree:
      size: 2534
      sha256: bdcff19c1ed299a6c1af161b05b86e638313b37c9f356c57dd0e56ccb08b0a96
    commit: aae6a23944bbc2e19cf814a7030557612e10e52c
  original:
    subdir: .
    git: https://github.com/emilypi/base64
    commit: aae6a23944bbc2e19cf814a7030557612e10e52c
- completed:
    hackage: envy-2.1.0.0@sha256:b58b12d9b61a4e07562e7718f28a864178cfc4bb4c24a45c68b5e46cfd9b39be,1772
    pantry-tree:
      size: 368
      sha256: 1cd74e12d2f3dcb9997607e1521833b874dd209bb713bb0abda1988c298f39f8
  original:
    hackage: envy-2.1.0.0@sha256:b58b12d9b61a4e07562e7718f28a864178cfc4bb4c24a45c68b5e46cfd9b39be,1772
- completed:
    hackage: sendgrid-v3-0.3.0.0@sha256:81298bbac39b957e92b0a5d57e3a8d486bec266cc00bcf5ba7adc85d91c86aa3,1693
    pantry-tree:
      size: 402
      sha256: 865613263d373100fb624501dca4e16daba0c393d98c91b402d8f5d832625096
  original:
    hackage: sendgrid-v3-0.3.0.0@sha256:81298bbac39b957e92b0a5d57e3a8d486bec266cc00bcf5ba7adc85d91c86aa3,1693
- completed:
    hackage: typerep-map-0.3.3.0@sha256:20510efab770158414ac7828d1eca063d795bcc724ac634dd13bc7a50b476f42,4681
    pantry-tree:
      size: 1487
      sha256: 30d61ac00807c3229b7b6ee274853f0ec1e272503a1b210ce10aad3db19f443a
  original:
    hackage: typerep-map-0.3.3.0@sha256:20510efab770158414ac7828d1eca063d795bcc724ac634dd13bc7a50b476f42,4681
- completed:
    subdir: core
    name: gogol-core
    version: 0.5.0
    git: https://github.com/brendanhay/gogol.git
    pantry-tree:
      size: 732
      sha256: 1cf97a788d6c3a804a9287bcb3c17a92ac93f9ab1f44cad6c9ad7be4a6653275
    commit: 801f00b6e63c22522eb2b3e3e2fc77694730a70f
  original:
    subdir: core
    git: https://github.com/brendanhay/gogol.git
    commit: 801f00b6e63c22522eb2b3e3e2fc77694730a70f
- completed:
    subdir: gogol
    name: gogol
    version: 0.5.0
    git: https://github.com/brendanhay/gogol.git
    pantry-tree:
      size: 1289
      sha256: b4ddfe736dce2659b52268c584d23ff827494be8145788640fa2dd377ee36bcb
    commit: 801f00b6e63c22522eb2b3e3e2fc77694730a70f
  original:
    subdir: gogol
    git: https://github.com/brendanhay/gogol.git
    commit: 801f00b6e63c22522eb2b3e3e2fc77694730a70f
- completed:
    subdir: gogol-pubsub
    name: gogol-pubsub
    version: 0.5.0
    git: https://github.com/brendanhay/gogol.git
    pantry-tree:
      size: 4053
      sha256: ceb61d8a96896ac2cce79ec4d8db93da744f7efc73ee343fc3df83d888779e2d
    commit: 801f00b6e63c22522eb2b3e3e2fc77694730a70f
  original:
    subdir: gogol-pubsub
    git: https://github.com/brendanhay/gogol.git
    commit: 801f00b6e63c22522eb2b3e3e2fc77694730a70f
- completed:
    subdir: gogol-logging
    name: gogol-logging
    version: 0.5.0
    git: https://github.com/brendanhay/gogol.git
    pantry-tree:
      size: 7969
      sha256: 140e60d7d2773e876f9b46af3094b8e025b7394bef45ce0a5e3ce6b688cb9c13
    commit: 801f00b6e63c22522eb2b3e3e2fc77694730a70f
  original:
    subdir: gogol-logging
    git: https://github.com/brendanhay/gogol.git
    commit: 801f00b6e63c22522eb2b3e3e2fc77694730a70f
- completed:
    subdir: gogol-cloudtrace
    name: gogol-cloudtrace
    version: 0.5.0
    git: https://github.com/brendanhay/gogol.git
    pantry-tree:
      size: 852
      sha256: 59c3eedbc47774369737deb1ca28ac75245c5a32e06e1a3b405068b20e9384c1
    commit: 801f00b6e63c22522eb2b3e3e2fc77694730a70f
  original:
    subdir: gogol-cloudtrace
    git: https://github.com/brendanhay/gogol.git
    commit: 801f00b6e63c22522eb2b3e3e2fc77694730a70f
- completed:
    subdir: .
    name: pg-entity
    version: 0.0.1.0
    git: https://github.com/tchoutri/pg-entity.git
    pantry-tree:
      size: 2732
      sha256: 7005ca58baed5be9f55acf4f052f5c59b6873e55a813134288815c4d9b60af41
    commit: 656edce707950a1176dac98f2cc55a9d7717f956
  original:
    subdir: .
    git: https://github.com/tchoutri/pg-entity.git
    commit: 656edce707950a1176dac98f2cc55a9d7717f956
- completed:
    subdir: .
    name: valor
    version: 1.0.0.0
    git: https://github.com/mastarija/valor
    pantry-tree:
      size: 741
      sha256: e7a3a50c5d5b37b0a9fa16e114e6d8d2a0e23dd8fe3c2ccfd4d74b4e90cf6c4e
    commit: 0a5d0af518f5408ccf234bda7b414e037aca58dc
  original:
    subdir: .
    git: https://github.com/mastarija/valor
    commit: 0a5d0af518f5408ccf234bda7b414e037aca58dc
- completed:
    subdir: .
    name: relude
    version: 1.0.0.1
    git: https://github.com/kowainik/relude
    pantry-tree:
      size: 4976
      sha256: 873cc9488b250e2aece22e5e335476d03be46ba52257bd3f1a44d6b27b5e9f05
    commit: 715afb764034d88b2db2b7d69e08573589fdd41d
  original:
    subdir: .
    git: https://github.com/kowainik/relude
    commit: 715afb764034d88b2db2b7d69e08573589fdd41d
snapshots:
- completed:
    size: 517915
    url: https://raw.githubusercontent.com/commercialhaskell/stackage-snapshots/master/nightly/2022/3/24.yaml
    sha256: 54e556be7379b0cc3ba13cdfaa174a28f7220401d76063bfff71c9a22aef7d58
  original: nightly-2022-03-24
