# This file was autogenerated by Stack.
# You should not edit this file by hand.
# For more information, please see the documentation at:
#   https://docs.haskellstack.org/en/stable/lock_files

packages:
- completed:
    hackage: relude-1.2.1.0@sha256:be5e508cfce82d26d23d23ebe98a485b79293cc033d7b9ae4778614562958ea3,11979
    pantry-tree:
      sha256: 916edac8fb7a5f2cc2f2689e9c2b4862530749f4967b8b976f8932f87f73f406
      size: 4286
  original:
    hackage: relude-1.2.1.0
- completed:
    hackage: cache-0.1.3.0@sha256:b87d21d21946ad69ea99be03f40f7a9b8d2250d5047328fe7bff33373f4e8546,1717
    pantry-tree:
      sha256: c7ab409e16a9454d141cf938a72077459900e6616a523d6438817b666082871c
      size: 388
  original:
    hackage: cache-0.1.3.0
- completed:
    hackage: postgres-options-0.2.1.0@sha256:6b5c15a9a75bf0c25b7e7e7bc28d7ee597923ae02e3cfcd9a37ff1a5db951e48,1604
    pantry-tree:
      sha256: 324e87b2f957ef6cdf13ed23c97ab11e9cb4496fd1ed7433f65ef1d656dc5db7
      size: 295
  original:
    hackage: postgres-options-0.2.1.0
- completed:
    hackage: Unique-0.4.7.9@sha256:a7e154cf6d05169777a1e54aadab24fb3a6eae3ee167e5e77d7ba96d182436c7,2064
    pantry-tree:
      sha256: eb62502b1de8adee91f0feb104a36f87a21a9367f95295d4f12c73183a9b1e54
      size: 1366
  original:
    hackage: Unique-0.4.7.9@sha256:a7e154cf6d05169777a1e54aadab24fb3a6eae3ee167e5e77d7ba96d182436c7,2064
- completed:
    hackage: pg-entity-0.0.4.0@sha256:d856c6de76ec9fae20254e9b965fa4b6005681a8badb04d439cf1875095cfec6,3582
    pantry-tree:
      sha256: 425e58c15da7d99cd33d16831f0d611a43f67a56cd83ada16c121497c16f7baa
      size: 1025
  original:
    hackage: pg-entity-0.0.4.0
- completed:
    hackage: resource-pool-0.4.0.0@sha256:9c1e448a159875e21a7e68697feee2b61a4e584720974fa465a2fa1bc0776c73,1342
    pantry-tree:
      sha256: 1008fbb9b6bd9d12925989f2708af612daa3a8ebf3a56763016231461d9e314f
      size: 406
  original:
    hackage: resource-pool-0.4.0.0
- completed:
    hackage: log-effectful-1.0.0.0@sha256:126f328c9325c10998289378191dc69e55b5ffdc37a7845f2d0ee57f6f13392e,2433
    pantry-tree:
      sha256: e22a70263da683f2a289c9e514fd4ef32dcc3cc9b54d1c6fe04299736cc88493
      size: 325
  original:
    hackage: log-effectful-1.0.0.0@sha256:126f328c9325c10998289378191dc69e55b5ffdc37a7845f2d0ee57f6f13392e,2433
- completed:
    hackage: monad-time-effectful-1.0.0.0@sha256:4994617545bb4b25ba01eaf2bdb1c2c74f7cefab36945af8eb92dca9842fc4b6,1528
    pantry-tree:
      sha256: ca2ac18b97169e7734e190d2a0175ae1f6de7a2d2f355514250ab2625de36942
      size: 279
  original:
    hackage: monad-time-effectful-1.0.0.0@sha256:4994617545bb4b25ba01eaf2bdb1c2c74f7cefab36945af8eb92dca9842fc4b6,1528
- completed:
    hackage: lucid-aria-0.1.0.1@sha256:d4f37b67a28f2e38eb3cf9fca4cbed5dcc6bf335c880113c618ca50fa933cd40,920
    pantry-tree:
      sha256: 86dc56b3e719f1cd436a3efad829cfd0fa75a29c8bdbbb9e866ec8d2ea96cac7
      size: 318
  original:
    hackage: lucid-aria-0.1.0.1@sha256:d4f37b67a28f2e38eb3cf9fca4cbed5dcc6bf335c880113c618ca50fa933cd40,920
- completed:
    hackage: colourista-0.1.0.1@sha256:98353ee0e2f5d97d2148513f084c1cd37dfda03e48aa9dd7a017c9d9c0ba710e,3307
    pantry-tree:
      sha256: aa027b21ac1ed1d446a4b20b9a1708fabed9042edf7a28ef05f3fc6278b07841
      size: 571
  original:
    hackage: colourista-0.1.0.1@sha256:98353ee0e2f5d97d2148513f084c1cd37dfda03e48aa9dd7a017c9d9c0ba710e,3307
- completed:
    hackage: lucid-htmx-0.1.0.6@sha256:83d9eed5ff74778a2dfc3f320a66b08592a2880abca28d75747a0513a39bd871,1528
    pantry-tree:
      sha256: e7e0ebb5432ec6dd278e1ac594a94aa3311e378c683275274874dfee2e12dfe3
      size: 427
  original:
    hackage: lucid-htmx-0.1.0.6@sha256:83d9eed5ff74778a2dfc3f320a66b08592a2880abca28d75747a0513a39bd871,1528
- completed:
    hackage: lucid-hyperscript-0.1.0.2@sha256:c3b048424e75c0e9cbadc30f7ebeb6abc164c2b45b2c995fd0674d4cc57be216,2035
    pantry-tree:
      sha256: 4fad3e11a8a599a8bc05a9b70d22d29dbdc07740ab8ebd5e4236af37f20ee554
      size: 502
  original:
    hackage: lucid-hyperscript-0.1.0.2@sha256:c3b048424e75c0e9cbadc30f7ebeb6abc164c2b45b2c995fd0674d4cc57be216,2035
- completed:
    hackage: lucid-svg-0.7.1@sha256:012455fd2b1ec6b0f3bba405fd66c99cc6d26592bf25c2624741969567c6e510,1088
    pantry-tree:
      sha256: 46cd22d19a82b9defe4cdec84eaca2fbc804d81515631f0afdb7f2c76a7b548a
      size: 456
  original:
    hackage: lucid-svg-0.7.1@sha256:012455fd2b1ec6b0f3bba405fd66c99cc6d26592bf25c2624741969567c6e510,1088
- completed:
    hackage: servant-htmx-0.1.0.2@sha256:cdafd3165d28694ec4bf81fff3b87b4721415293d75a394a97c26d0d4d57e38c,1817
    pantry-tree:
      sha256: e2eac22dcc977e6081ba7614d748d7a6a83b2001d4e719d6afb9ae6edf6bb23d
      size: 416
  original:
    hackage: servant-htmx-0.1.0.2@sha256:cdafd3165d28694ec4bf81fff3b87b4721415293d75a394a97c26d0d4d57e38c,1817
- completed:
    hackage: text-display-0.0.2.0@sha256:e96a1082f8f362032797f80e901d969b56a6dd7b43d1cb03e9654b08508da8e8,1818
    pantry-tree:
      sha256: 2d93987e93e9b0681ae77bdfaa49d6cc755a2d15757c6ffd06387041efaf4c18
      size: 330
  original:
    hackage: text-display-0.0.2.0@sha256:e96a1082f8f362032797f80e901d969b56a6dd7b43d1cb03e9654b08508da8e8,1818
- completed:
    hackage: transformers-except-0.1.2@sha256:2ff895fd65ec9e45cbe839ef5b66e26b7d9f3fe561148993293a41e14491e625,1548
    pantry-tree:
      sha256: 255031ad4b86a6f3cecd01752ba63186d54c07dd4f667ed77033326970f0120c
      size: 276
  original:
    hackage: transformers-except-0.1.2@sha256:2ff895fd65ec9e45cbe839ef5b66e26b7d9f3fe561148993293a41e14491e625,1548
- completed:
    hackage: timing-convenience-0.1@sha256:7ff807a9a9e5596f2b18d45c5a01aefb91d4a98f6a1008d183b5c550f68f7cb7,2092
    pantry-tree:
      sha256: fbcb00f5b8a4f7b8fd94b034b7f507ffdd7579848de782ce60ad2b661dcb2b42
      size: 469
  original:
    hackage: timing-convenience-0.1@sha256:7ff807a9a9e5596f2b18d45c5a01aefb91d4a98f6a1008d183b5c550f68f7cb7,2092
- completed:
    hackage: daemons-0.3.0@sha256:356edaf06a8cf5e9f19685f9ce793ad6d2b6bce2e55379f6b2aff1b0c07a633f,3178
    pantry-tree:
      sha256: 26b1a5279be340c896edbc72baa6d95b071384b9bf7e19cd146025cf13d21769
      size: 918
  original:
    hackage: daemons-0.3.0@sha256:356edaf06a8cf5e9f19685f9ce793ad6d2b6bce2e55379f6b2aff1b0c07a633f,3178
- completed:
    hackage: nyan-interpolation-core-0.9.0.1@sha256:1bda0e90d2045eb18c905f905082f4098829c1bdcbc4012663686a1c503b4ded,4067
    pantry-tree:
      sha256: 2a1a8d8b66746a246b3c0a4cd07daa6b961c9911676d30bc308a8a2682353b2b
      size: 1463
  original:
    hackage: nyan-interpolation-core-0.9.0.1@sha256:1bda0e90d2045eb18c905f905082f4098829c1bdcbc4012663686a1c503b4ded,4067
- completed:
    hackage: nyan-interpolation-0.9@sha256:8cf238be4c04746e4e9eabb34001c990c23e5837a19eb8652c584e57e92ecb41,3797
    pantry-tree:
      sha256: 1ba3d0b9c1dd65cd6c8a3e10dc31261c70366d5822281176b84617b6c7b7bbc1
      size: 661
  original:
    hackage: nyan-interpolation-0.9@sha256:8cf238be4c04746e4e9eabb34001c990c23e5837a19eb8652c584e57e92ecb41,3797
- completed:
    hackage: HaskellNet-0.6.1.2@sha256:a880046501c8b035002ac2dbf597e6d416552bd04b499719997a67407602afc8,2583
    pantry-tree:
      sha256: 5b75b705d3d7c7220e7e8f8e36631ac9969f5c30fb0a6ebd604c95a7dc8e4c31
      size: 1632
  original:
    hackage: HaskellNet-0.6.1.2@sha256:a880046501c8b035002ac2dbf597e6d416552bd04b499719997a67407602afc8,2583
- completed:
    hackage: bytebuild-0.3.14.0@sha256:3b5c17a8e923ade6c71e12584a3cd662705e3d0499fc0cd7c16e29524729f55d,3539
    pantry-tree:
      sha256: 5b3c1be2fd676932de79cb72fddfed4cb26730952c4183d3e19caf57c7b085e6
      size: 1367
  original:
    hackage: bytebuild-0.3.14.0@sha256:3b5c17a8e923ade6c71e12584a3cd662705e3d0499fc0cd7c16e29524729f55d,3539
- completed:
    hackage: bytesmith-0.3.10.0@sha256:1fd4998c649f4264407cb30ec29104ec0f9bd4a47368a1f2beaf9694e08e87d3,2046
    pantry-tree:
      sha256: d7c0cbf231c256bd7c027230fd8da27f5b9ca9d4146d392ee7b1a42cef9e2e3a
      size: 1185
  original:
    hackage: bytesmith-0.3.10.0@sha256:1fd4998c649f4264407cb30ec29104ec0f9bd4a47368a1f2beaf9694e08e87d3,2046
- completed:
    hackage: byteslice-0.2.11.1@sha256:8331f4b18a2f05122470938e92d3ce659f16cb588dae45160d93fa0103c4a248,2627
    pantry-tree:
      sha256: a5330e1f95c21e308e1e8f3a97b72862fcb5b1b3a505f66aa73bd106b2e9f429
      size: 1841
  original:
    hackage: byteslice-0.2.11.1@sha256:8331f4b18a2f05122470938e92d3ce659f16cb588dae45160d93fa0103c4a248,2627
- completed:
    hackage: envy-2.1.2.0@sha256:831a8dc0db2b9dca9671dc757af0d75d81579d4bc7edc9f4d275ffd67df750bb,1743
    pantry-tree:
      sha256: 7a9b837ef74d226d1b3ae215d5b3837146545b5260685048fca08dddf797c7c9
      size: 368
  original:
    hackage: envy-2.1.2.0@sha256:831a8dc0db2b9dca9671dc757af0d75d81579d4bc7edc9f4d275ffd67df750bb,1743
- completed:
    hackage: postgresql-migration-0.2.1.7@sha256:7b511be780305beb7940c99476911de47231a448f4eee5b50cbe40bdac63b3e8,4978
    pantry-tree:
      sha256: a1c3f8e7df784f0c354b0bd4680f8a974d1da09612eafab49ed0a45d8519042c
      size: 1146
  original:
    hackage: postgresql-migration-0.2.1.7@sha256:7b511be780305beb7940c99476911de47231a448f4eee5b50cbe40bdac63b3e8,4978
- completed:
    hackage: fakedata-1.0.3@sha256:75630f6b9665965b4b551239ffcf89e4f879f93d235b18d4b249b0ed50513d0d,24593
    pantry-tree:
      sha256: 596c1c2a62f8257cf2dceb3db22d2ef619ba40fbdd8f4e7c5ff14359e49bfefd
      size: 50863
  original:
    hackage: fakedata-1.0.3@sha256:75630f6b9665965b4b551239ffcf89e4f879f93d235b18d4b249b0ed50513d0d,24593
- completed:
    hackage: run-st-0.1.3.2@sha256:c5dad13132d69294ea3bec3418a0f5593ede6fb5b071f463316d09e118fdbc38,870
    pantry-tree:
      sha256: c5c0fafc3d62ab04abb5b3ee146937a9f8ade2a0bd12ce9b7a29172c50ab851b
      size: 269
  original:
    hackage: run-st-0.1.3.2@sha256:c5dad13132d69294ea3bec3418a0f5593ede6fb5b071f463316d09e118fdbc38,870
- completed:
    hackage: string-random-0.1.4.3@sha256:4b3092568889e00b419093a1938f14a67743844bc86476ee5cb6f8827dc40545,2172
    pantry-tree:
      sha256: 778cbe4d98614a6ce425e311453e01373a6cf6ce9c9a1367e989302cffac2dfe
      size: 489
  original:
    hackage: string-random-0.1.4.3@sha256:4b3092568889e00b419093a1938f14a67743844bc86476ee5cb6f8827dc40545,2172
- completed:
    hackage: contiguous-0.6.4.0@sha256:30d28d17b3ca2a9eecb753f6e38f7bc0d0a4d3afd6d76ca79931b9c167b68c39,1861
    pantry-tree:
      sha256: 0faeb61ebbb6c88bafa706fd15fa93cd70070924929673b2bdd89b1e4d49f7a6
      size: 600
  original:
    hackage: contiguous-0.6.4.0@sha256:30d28d17b3ca2a9eecb753f6e38f7bc0d0a4d3afd6d76ca79931b9c167b68c39,1861
- completed:
    hackage: primitive-unlifted-2.1.0.0@sha256:4a6fb2fc5836b18b217b814931472a0b1a84df03b45955b236c80291f1f46893,2326
    pantry-tree:
      sha256: 43841ece200be60b122d54952f5972827961faa9ddbd0a4e63f630c196cad3d4
      size: 1796
  original:
    hackage: primitive-unlifted-2.1.0.0@sha256:4a6fb2fc5836b18b217b814931472a0b1a84df03b45955b236c80291f1f46893,2326
- completed:
    hackage: wai-log-0.4.0.1@sha256:0b4b57ae218cf5ec59523c8cf405802a588d4e299436b5a663a6001ea34bb7e6,1583
    pantry-tree:
      sha256: 5c7291eaeb35ed9fb2c77a29ed2bc8b3e63c44247522e91ba426418cac66459d
      size: 412
  original:
    hackage: wai-log-0.4.0.1@sha256:0b4b57ae218cf5ec59523c8cf405802a588d4e299436b5a663a6001ea34bb7e6,1583
- completed:
    commit: d296ec54cbdfd2e7b3a822cdb759daf761d6f24b
    git: https://github.com/Kleidukos/pg-transact-effectful
    name: pg-transact-effectful
    pantry-tree:
      sha256: 6e4593afa2c947c090b3cac4016a329eca0432247119bb2d95547879081cfb4f
      size: 964
    subdir: .
    version: 0.0.1.0
  original:
    commit: d296ec54cbdfd2e7b3a822cdb759daf761d6f24b
    git: https://github.com/Kleidukos/pg-transact-effectful
    subdir: .
- completed:
    commit: 5787946c3c89c9b608f4d5308d2a27cc9a27761f
    git: https://github.com/kowainik/typerep-map
    name: typerep-map
    pantry-tree:
      sha256: f6b3b35ee5c099de08a9e5d1dea3dfefa1fdaac926b3473724fc0e59f2697bd0
      size: 1937
    subdir: .
    version: 0.6.0.0
  original:
    commit: 5787946c3c89c9b608f4d5308d2a27cc9a27761f
    git: https://github.com/kowainik/typerep-map
    subdir: .
- completed:
    commit: b199bf6df1453af95832c2d2f9f0ef48c3622caa
    git: https://github.com/andrewthad/chronos
    name: chronos
    pantry-tree:
      sha256: f4ab5e69949432ca174062e07c03357d2a3439685be131fdb7145951c3f6dc2b
      size: 1015
    subdir: .
    version: 1.1.5.1
  original:
    commit: b199bf6df1453af95832c2d2f9f0ef48c3622caa
    git: https://github.com/andrewthad/chronos
    subdir: .
- completed:
    commit: 08c1cbc3b5df64a19d059b84239d384b7382ec43
    git: https://github.com/co-log/co-log
    name: co-log
    pantry-tree:
      sha256: 1802731dde73d673deec491f05fc6ef7506a23d8b69d28b50590161133d16d77
      size: 1584
    subdir: .
    version: 0.5.0.0
  original:
    commit: 08c1cbc3b5df64a19d059b84239d384b7382ec43
    git: https://github.com/co-log/co-log
    subdir: .
- completed:
    commit: c8b7fa416e5c11b4828c35d0ef29158019433fa2
    git: https://github.com/marcelbuesing/sendgrid-v3
    name: sendgrid-v3
    pantry-tree:
      sha256: 7549cd1165aa728732c6f3184e5688d1e9ef3431581b1a010ab8f462f85ec436
      size: 725
    subdir: .
    version: 1.0.0.1
  original:
    commit: c8b7fa416e5c11b4828c35d0ef29158019433fa2
    git: https://github.com/marcelbuesing/sendgrid-v3
    subdir: .
- completed:
    commit: ca0ccc45ffa073556f74befb114710e797b4628a
    git: https://github.com/haskell-servant/servant-lucid
    name: servant-lucid
    pantry-tree:
      sha256: 0e3a6981b8be2fa5e692560324753c2f618ea632b7641e8e15ca6bd683feb1d9
      size: 724
    subdir: .
    version: 0.9.0.6
  original:
    commit: ca0ccc45ffa073556f74befb114710e797b4628a
    git: https://github.com/haskell-servant/servant-lucid
    subdir: .
- completed:
    commit: 0fa01adb871e66996d4ed2c27a3e97fac39ac466
    git: https://github.com/tonyalaribe/xxhash
    name: xxhash
    pantry-tree:
      sha256: 36e7f55c49eb37693fb7198c46e161319280bfbfa103fd7c40a8780c8ca61851
      size: 718
    subdir: .
    version: 0.0.2
  original:
    commit: 0fa01adb871e66996d4ed2c27a3e97fac39ac466
    git: https://github.com/tonyalaribe/xxhash
    subdir: .
- completed:
    commit: 2812d672c86ea283e53e6e0f213bcd6a65d7a345
    git: https://github.com/m4dc4p/gogol.git
    name: gogol-core
    pantry-tree:
      sha256: c182f1a65a61166778b86b5e778c52f12e962f1f4f061656712cc8d2514675f8
      size: 567
    subdir: lib/gogol-core
    version: 1.0.0.0
  original:
    commit: 2812d672c86ea283e53e6e0f213bcd6a65d7a345
    git: https://github.com/m4dc4p/gogol.git
    subdir: lib/gogol-core
- completed:
    commit: 2812d672c86ea283e53e6e0f213bcd6a65d7a345
    git: https://github.com/m4dc4p/gogol.git
    name: gogol
    pantry-tree:
      sha256: 93899332c28213ed3db264c6da8577980d78cca694fc648fa7eae8e0de8524ce
      size: 1194
    subdir: lib/gogol
    version: 1.0.0.0
  original:
    commit: 2812d672c86ea283e53e6e0f213bcd6a65d7a345
    git: https://github.com/m4dc4p/gogol.git
    subdir: lib/gogol
- completed:
    commit: 2812d672c86ea283e53e6e0f213bcd6a65d7a345
    git: https://github.com/m4dc4p/gogol.git
    name: gogol-pubsub
    pantry-tree:
      sha256: 72c744c90fe905238e79c39176e9a3a6a580f3839af7a056dc6207f85593a293
      size: 4631
    subdir: lib/services/gogol-pubsub
    version: 1.0.0.0
  original:
    commit: 2812d672c86ea283e53e6e0f213bcd6a65d7a345
    git: https://github.com/m4dc4p/gogol.git
    subdir: lib/services/gogol-pubsub
- completed:
    commit: 2812d672c86ea283e53e6e0f213bcd6a65d7a345
    git: https://github.com/m4dc4p/gogol.git
    name: gogol-logging
    pantry-tree:
      sha256: 6d903a732edfd7b27c1cbc00c296f2ea6bdd3c5f6564c526c1b3a2fbbe5cc8c2
      size: 19371
    subdir: lib/services/gogol-logging
    version: 1.0.0.0
  original:
    commit: 2812d672c86ea283e53e6e0f213bcd6a65d7a345
    git: https://github.com/m4dc4p/gogol.git
    subdir: lib/services/gogol-logging
- completed:
    commit: 2812d672c86ea283e53e6e0f213bcd6a65d7a345
    git: https://github.com/m4dc4p/gogol.git
    name: gogol-cloudtrace
    pantry-tree:
      sha256: 8536a13f9c62ba5d2fd55d4a110463766f79051923615e419d458fde89d36131
      size: 740
    subdir: lib/services/gogol-cloudtrace
    version: 1.0.0.0
  original:
    commit: 2812d672c86ea283e53e6e0f213bcd6a65d7a345
    git: https://github.com/m4dc4p/gogol.git
    subdir: lib/services/gogol-cloudtrace
- completed:
    commit: 411d5d0aaeeb96d4b72d0a434b9d2b53c88c2eae
    git: https://github.com/saurabhnanda/odd-jobs
    name: odd-jobs
    pantry-tree:
      sha256: 9d75b2e14cd831a916f11294284796980f9855f67abf7e2a47e8b3d1e3b3a5f3
      size: 3207
    subdir: .
    version: 0.2.3
  original:
    commit: 411d5d0aaeeb96d4b72d0a434b9d2b53c88c2eae
    git: https://github.com/saurabhnanda/odd-jobs
    subdir: .
- completed:
    commit: 893368e6010a87c3a2d33227af675b4fb8fe411f
    git: https://github.com/tonyalaribe/tmp-postgres
    name: tmp-postgres
    pantry-tree:
      sha256: 7a222e08cb994348632ea7436ff696635c1672e0ca8bbc996d073df7755f7cd6
      size: 1616
    subdir: .
    version: 1.35.0.0
  original:
    commit: 893368e6010a87c3a2d33227af675b4fb8fe411f
    git: https://github.com/tonyalaribe/tmp-postgres
    subdir: .
snapshots:
- completed:
    sha256: 2d7ebe70db27d984f1613940d1e5ca26affaed79d183c282f87daa46f3fed9bd
    size: 558379
    url: https://raw.githubusercontent.com/commercialhaskell/stackage-snapshots/master/nightly/2024/1/23.yaml
  original: nightly-2024-01-23
