# This file was autogenerated by Stack.
# You should not edit this file by hand.
# For more information, please see the documentation at:
#   https://docs.haskellstack.org/en/stable/lock_files

packages:
- completed:
    hackage: pg-entity-0.0.4.4@sha256:33c2b9b7890ac89a3bdaec4765fa5740cc882fe464f4b94cfa41c16b5cb95cb5,4577
    pantry-tree:
      sha256: a9e60d36ec71870b0ca946f93cee90925b630774bcb30bd2565133b0bab7210c
      size: 3983
  original:
    hackage: pg-entity-0.0.4.4@sha256:33c2b9b7890ac89a3bdaec4765fa5740cc882fe464f4b94cfa41c16b5cb95cb5,4577
- completed:
    hackage: Unique-0.4.7.9@sha256:7c37e22b7bb9df935c22112e67043177461aedcebe3a958854f6c0e9ecb54083,2155
    pantry-tree:
      sha256: 67d44a292c49ab6cf09225c05186f1ab64b359e965017d9d389411e4c79f0803
      size: 1366
  original:
    hackage: Unique-0.4.7.9@sha256:7c37e22b7bb9df935c22112e67043177461aedcebe3a958854f6c0e9ecb54083,2155
- completed:
    hackage: dotenv-0.12.0.0@sha256:2f25615cec37ff9a66a48ef0ebf2ac96ae989911d0c26c6796fc2f5247bdd665,4702
    pantry-tree:
      sha256: 31c08eb6dbd41eda9f0141dcb4cf8071e7650c6d97e4163d04f760e5a6fb4f79
      size: 1303
  original:
    hackage: dotenv-0.12.0.0@sha256:2f25615cec37ff9a66a48ef0ebf2ac96ae989911d0c26c6796fc2f5247bdd665,4702
- completed:
    hackage: hiedb-plugin-0.1.0@sha256:480d8836e7d21b91a6205010af534cb739a2079d4bdeac7893cf85c9a4d75f32,1439
    pantry-tree:
      sha256: f28fb4d0b21053e6038f7b215d3d0278f867cf943b773d891bf3c0c74a8f0b48
      size: 269
  original:
    hackage: hiedb-plugin-0.1.0@sha256:480d8836e7d21b91a6205010af534cb739a2079d4bdeac7893cf85c9a4d75f32,1439
- completed:
    hackage: insert-ordered-containers-0.2.6@sha256:8f46527a04f92e1a1b11fb45633f85d2dd73c2ab7b5de13ccf504c8f98a079f1,2358
    pantry-tree:
      sha256: d0124c42db056e67a9bb7b198570c39d1d1bd574ebc93be1fbf214504b12ba97
      size: 542
  original:
    hackage: insert-ordered-containers-0.2.6@sha256:8f46527a04f92e1a1b11fb45633f85d2dd73c2ab7b5de13ccf504c8f98a079f1,2358
- completed:
    hackage: log-effectful-1.0.1.0@sha256:79d1c821db1c1d95cf109f813f13a2588e45dbacb5f797eefc200ff7a5984923,2466
    pantry-tree:
      sha256: 5ab7c6b553ea50ce7b6218e86db9ff3632b0482dd00aaf749ebece93b968e0ca
      size: 326
  original:
    hackage: log-effectful-1.0.1.0@sha256:79d1c821db1c1d95cf109f813f13a2588e45dbacb5f797eefc200ff7a5984923,2466
- completed:
    hackage: lucid-aria-0.1.0.1@sha256:d4f37b67a28f2e38eb3cf9fca4cbed5dcc6bf335c880113c618ca50fa933cd40,920
    pantry-tree:
      sha256: 86dc56b3e719f1cd436a3efad829cfd0fa75a29c8bdbbb9e866ec8d2ea96cac7
      size: 318
  original:
    hackage: lucid-aria-0.1.0.1@sha256:d4f37b67a28f2e38eb3cf9fca4cbed5dcc6bf335c880113c618ca50fa933cd40,920
- completed:
    hackage: lucid-htmx-0.1.0.7@sha256:05d0bec34cd3c3d99d69a02c5c5f87385a9e53de8fa2e57a0c7c477dd3e5a6af,1491
    pantry-tree:
      sha256: 02dcd0ec63f113e1c17e82108daa7282b4e27374a1be380fc132f9aa5fa2d813
      size: 428
  original:
    hackage: lucid-htmx-0.1.0.7@sha256:05d0bec34cd3c3d99d69a02c5c5f87385a9e53de8fa2e57a0c7c477dd3e5a6af,1491
- completed:
    hackage: lucid-hyperscript-0.1.0.2@sha256:c3b048424e75c0e9cbadc30f7ebeb6abc164c2b45b2c995fd0674d4cc57be216,2035
    pantry-tree:
      sha256: 4fad3e11a8a599a8bc05a9b70d22d29dbdc07740ab8ebd5e4236af37f20ee554
      size: 502
  original:
    hackage: lucid-hyperscript-0.1.0.2@sha256:c3b048424e75c0e9cbadc30f7ebeb6abc164c2b45b2c995fd0674d4cc57be216,2035
- completed:
    hackage: lucid-svg-0.7.2.0@sha256:ac145997d5d6976d5c77e09992b5b204d7ddb7edba3002801927ed2acc69692b,1091
    pantry-tree:
      sha256: d17d9c53627b0b05d62f6fc9b74a7c5a600126318df2b89aca205794be084de3
      size: 456
  original:
    hackage: lucid-svg-0.7.2.0@sha256:ac145997d5d6976d5c77e09992b5b204d7ddb7edba3002801927ed2acc69692b,1091
- completed:
    hackage: monad-time-effectful-1.0.0.0@sha256:4994617545bb4b25ba01eaf2bdb1c2c74f7cefab36945af8eb92dca9842fc4b6,1528
    pantry-tree:
      sha256: ca2ac18b97169e7734e190d2a0175ae1f6de7a2d2f355514250ab2625de36942
      size: 279
  original:
    hackage: monad-time-effectful-1.0.0.0@sha256:4994617545bb4b25ba01eaf2bdb1c2c74f7cefab36945af8eb92dca9842fc4b6,1528
- completed:
    hackage: nyan-interpolation-0.9.2@sha256:fb0b07ef6a9f8ca4d2e1db2f2df841c649556d9f6cff894ebf6b9ffbb7c25003,4276
    pantry-tree:
      sha256: 258878b8660782bef633fe3800c08fff2fa90165fd2a0793fa73836d8ff274c3
      size: 662
  original:
    hackage: nyan-interpolation-0.9.2@sha256:fb0b07ef6a9f8ca4d2e1db2f2df841c649556d9f6cff894ebf6b9ffbb7c25003,4276
- completed:
    hackage: proto-lens-0.7.1.5@sha256:38f7f70fb01f6c79c35d76ef0f60bf1297b132d4a71973c6bafb48fcb1b3c0d4,2980
    pantry-tree:
      sha256: 3af265bf8058520232ea8d608cc7174b9b638a43c878ef4bdf52c7e3cd877b13
      size: 1857
  original:
    hackage: proto-lens-0.7.1.5@sha256:38f7f70fb01f6c79c35d76ef0f60bf1297b132d4a71973c6bafb48fcb1b3c0d4,2980
- completed:
    hackage: proto-lens-runtime-0.7.0.6@sha256:b12a2731424121ea337c5705088dd4c83db461c280c962749298503f2643ca24,3057
    pantry-tree:
      sha256: f70c8ec121f62902b4ce98f41dbb54126c81a2ff07c85df313782ae334463d00
      size: 168
  original:
    hackage: proto-lens-runtime-0.7.0.6@sha256:b12a2731424121ea337c5705088dd4c83db461c280c962749298503f2643ca24,3057
- completed:
    hackage: servant-htmx-0.1.0.2@sha256:cdafd3165d28694ec4bf81fff3b87b4721415293d75a394a97c26d0d4d57e38c,1817
    pantry-tree:
      sha256: e2eac22dcc977e6081ba7614d748d7a6a83b2001d4e719d6afb9ae6edf6bb23d
      size: 416
  original:
    hackage: servant-htmx-0.1.0.2@sha256:cdafd3165d28694ec4bf81fff3b87b4721415293d75a394a97c26d0d4d57e38c,1817
- completed:
    hackage: slugify-0.1.0.2@sha256:b16f953401390212faf0450f6044f9c9a44ee07370995ab01dc46d3394e14c7a,1396
    pantry-tree:
      sha256: a8069e3ad41fa69077b342c7f5e1500852176bda095482347f89a83ef188a5bd
      size: 431
  original:
    hackage: slugify-0.1.0.2@sha256:b16f953401390212faf0450f6044f9c9a44ee07370995ab01dc46d3394e14c7a,1396
- completed:
    hackage: strict-containers-0.2.1@sha256:ea58d1f30c9867a4c4241864881e0d2576ad72fb6333c49d88c5e42c8f7a04b1,9408
    pantry-tree:
      sha256: 064e6ea419199891089ba3569ec0755156327dda715be61bfa2daea63bb8ed37
      size: 5178
  original:
    hackage: strict-containers-0.2.1@sha256:ea58d1f30c9867a4c4241864881e0d2576ad72fb6333c49d88c5e42c8f7a04b1,9408
- completed:
    hackage: swagger2-2.8.9@sha256:8434f71bf8017c1421d85ee8021e3f56f45f15c8ba50fff55f7329ace4cb0076,4518
    pantry-tree:
      sha256: 730792e758e42b95ee322bcb0d67c53eaba89fdc7f68184157ef5cb755e1aa1f
      size: 2192
  original:
    hackage: swagger2-2.8.9@sha256:8434f71bf8017c1421d85ee8021e3f56f45f15c8ba50fff55f7329ace4cb0076,4518
- completed:
    hackage: text-display-0.0.5.2@sha256:6e6a5bf1c83dfa6c34692ed5d8ea87f1bd385984309b42c302f2156f4d82477b,2670
    pantry-tree:
      sha256: e84ac3f5fdc4d6e1c544174735beb80474cf7d7b849abfd1ae6184517a30c1c1
      size: 3364
  original:
    hackage: text-display-0.0.5.2@sha256:6e6a5bf1c83dfa6c34692ed5d8ea87f1bd385984309b42c302f2156f4d82477b,2670
- completed:
    hackage: timing-convenience-0.1@sha256:7ff807a9a9e5596f2b18d45c5a01aefb91d4a98f6a1008d183b5c550f68f7cb7,2092
    pantry-tree:
      sha256: fbcb00f5b8a4f7b8fd94b034b7f507ffdd7579848de782ce60ad2b661dcb2b42
      size: 469
  original:
    hackage: timing-convenience-0.1@sha256:7ff807a9a9e5596f2b18d45c5a01aefb91d4a98f6a1008d183b5c550f68f7cb7,2092
- completed:
    hackage: hiedb-0.6.0.1@sha256:7398fe3115c239f421286dbb1db3b5ac359568955e7585bcf27a45c99420b46f,2962
    pantry-tree:
      sha256: 2009246ce99ad0b351454ef4aac746ed80846ae648fa98e7205192e8bde7ba79
      size: 1020
  original:
    hackage: hiedb-0.6.0.1@sha256:7398fe3115c239f421286dbb1db3b5ac359568955e7585bcf27a45c99420b46f,2962
- completed:
    hackage: hie-compat-0.3.1.2@sha256:74a8585a90e3c06667134939cd170cff24067d5a988e14829785af0dfa6bd10f,1535
    pantry-tree:
      sha256: ae260dbc3c104bca9443d91350c781e1a4d5f93579247c50dfe6944240e5bf4f
      size: 1019
  original:
    hackage: hie-compat-0.3.1.2@sha256:74a8585a90e3c06667134939cd170cff24067d5a988e14829785af0dfa6bd10f,1535
- completed:
    hackage: nyan-interpolation-core-0.9.2@sha256:930202fafc4e9472f9aed3d216a459e23454db500bfd0e0a5af2a4e5c5202096,4523
    pantry-tree:
      sha256: 5781e80383996a6bea95a545e4f0e70466bebf0fe2d388f334cd42e9f35469d5
      size: 1464
  original:
    hackage: nyan-interpolation-core-0.9.2@sha256:930202fafc4e9472f9aed3d216a459e23454db500bfd0e0a5af2a4e5c5202096,4523
- completed:
    hackage: wai-log-0.4.0.1@sha256:0b4b57ae218cf5ec59523c8cf405802a588d4e299436b5a663a6001ea34bb7e6,1583
    pantry-tree:
      sha256: 5c7291eaeb35ed9fb2c77a29ed2bc8b3e63c44247522e91ba426418cac66459d
      size: 412
  original:
    hackage: wai-log-0.4.0.1@sha256:0b4b57ae218cf5ec59523c8cf405802a588d4e299436b5a663a6001ea34bb7e6,1583
- completed:
    commit: bcd3aeb5ca63a02ba026be4f02f4ce5767fb4f78
    git: https://github.com/Kleidukos/pg-transact-effectful
    name: pg-transact-effectful
    pantry-tree:
      sha256: af3d153ac21625a3c5e7972055fc17b178cc78a7330a81b9bc468afaa4161fdb
      size: 909
    subdir: .
    version: 0.0.1.0
  original:
    commit: bcd3aeb5ca63a02ba026be4f02f4ce5767fb4f78
    git: https://github.com/Kleidukos/pg-transact-effectful
    subdir: .
- completed:
    commit: a159d7a17913725a0cb2a2251fa0b812acd3d160
    git: https://github.com/saurabhnanda/odd-jobs.git
    name: odd-jobs
    pantry-tree:
      sha256: 15e8b0597759e4b2257c0d0dc56e635b038726e38d18d96d1c60343cf6280fc3
      size: 3207
    subdir: .
    version: 0.2.3
  original:
    commit: a159d7a17913725a0cb2a2251fa0b812acd3d160
    git: https://github.com/saurabhnanda/odd-jobs.git
    subdir: .
- completed:
    commit: b54294c179f8ce8e76c9549c953e2ee684fcef8a
    git: https://github.com/tonyalaribe/gogol.git
    name: gogol-core
    pantry-tree:
      sha256: 0025798c66f1150056dee10cda21062e4916236bcfa2adf5684d061f8ede2a83
      size: 567
    subdir: lib/gogol-core
    version: 1.0.0.0
  original:
    commit: b54294c179f8ce8e76c9549c953e2ee684fcef8a
    git: https://github.com/tonyalaribe/gogol.git
    subdir: lib/gogol-core
- completed:
    commit: b54294c179f8ce8e76c9549c953e2ee684fcef8a
    git: https://github.com/tonyalaribe/gogol.git
    name: gogol
    pantry-tree:
      sha256: 786abce35654341f7ff3c3fcb800e9bcd1df0a0a44a0789c9557a610078051b7
      size: 1194
    subdir: lib/gogol
    version: 1.0.0.0
  original:
    commit: b54294c179f8ce8e76c9549c953e2ee684fcef8a
    git: https://github.com/tonyalaribe/gogol.git
    subdir: lib/gogol
- completed:
    commit: b54294c179f8ce8e76c9549c953e2ee684fcef8a
    git: https://github.com/tonyalaribe/gogol.git
    name: gogol-pubsub
    pantry-tree:
      sha256: 72c744c90fe905238e79c39176e9a3a6a580f3839af7a056dc6207f85593a293
      size: 4631
    subdir: lib/services/gogol-pubsub
    version: 1.0.0.0
  original:
    commit: b54294c179f8ce8e76c9549c953e2ee684fcef8a
    git: https://github.com/tonyalaribe/gogol.git
    subdir: lib/services/gogol-pubsub
- completed:
    commit: b54294c179f8ce8e76c9549c953e2ee684fcef8a
    git: https://github.com/tonyalaribe/gogol.git
    name: gogol-logging
    pantry-tree:
      sha256: 6d903a732edfd7b27c1cbc00c296f2ea6bdd3c5f6564c526c1b3a2fbbe5cc8c2
      size: 19371
    subdir: lib/services/gogol-logging
    version: 1.0.0.0
  original:
    commit: b54294c179f8ce8e76c9549c953e2ee684fcef8a
    git: https://github.com/tonyalaribe/gogol.git
    subdir: lib/services/gogol-logging
- completed:
    commit: b54294c179f8ce8e76c9549c953e2ee684fcef8a
    git: https://github.com/tonyalaribe/gogol.git
    name: gogol-cloudtrace
    pantry-tree:
      sha256: 8536a13f9c62ba5d2fd55d4a110463766f79051923615e419d458fde89d36131
      size: 740
    subdir: lib/services/gogol-cloudtrace
    version: 1.0.0.0
  original:
    commit: b54294c179f8ce8e76c9549c953e2ee684fcef8a
    git: https://github.com/tonyalaribe/gogol.git
    subdir: lib/services/gogol-cloudtrace
- completed:
    commit: 2d48ee3446858f08a8c75130c90d770c377569bd
    git: https://github.com/awakesecurity/proto3-wire.git
    name: proto3-wire
    pantry-tree:
      sha256: 435441c5b8a677353e3c6566f3e6e7d9c1947ff75ade51ce1bc8d66e4ae329eb
      size: 2648
    subdir: .
    version: 1.4.3
  original:
    commit: 2d48ee3446858f08a8c75130c90d770c377569bd
    git: https://github.com/awakesecurity/proto3-wire.git
    subdir: .
- completed:
    commit: f47dbdb800ffb89187059f3b40edae5b1bc5c2c7
    git: https://github.com/tonyalaribe/proto3-suite.git
    name: proto3-suite
    pantry-tree:
      sha256: 141c503512cd7329ff982b404a50afc38e061048b87bbe12ad23107eff288315
      size: 8848
    subdir: .
    version: 0.8.1
  original:
    commit: f47dbdb800ffb89187059f3b40edae5b1bc5c2c7
    git: https://github.com/tonyalaribe/proto3-suite.git
    subdir: .
- completed:
    commit: 4b3b04d0ac9d1db53033fb4f0b6864f25b6e945d
    git: https://github.com/awakesecurity/gRPC-haskell.git
    name: grpc-haskell-core
    pantry-tree:
      sha256: 2bfee0e6b5c88593099df242bd48a051f79468d1f4559b0c30a0c69125747a9e
      size: 2532
    subdir: core
    version: 0.6.0
  original:
    commit: 4b3b04d0ac9d1db53033fb4f0b6864f25b6e945d
    git: https://github.com/awakesecurity/gRPC-haskell.git
    subdir: core
- completed:
    commit: 4b3b04d0ac9d1db53033fb4f0b6864f25b6e945d
    git: https://github.com/awakesecurity/gRPC-haskell.git
    name: grpc-haskell
    pantry-tree:
      sha256: e2acf6df3b1db984868c794451712321fcc68df403e70e590b79e6eba28be898
      size: 7616
    subdir: .
    version: 0.4.0
  original:
    commit: 4b3b04d0ac9d1db53033fb4f0b6864f25b6e945d
    git: https://github.com/awakesecurity/gRPC-haskell.git
    subdir: .
- completed:
    commit: 0fa01adb871e66996d4ed2c27a3e97fac39ac466
    git: https://github.com/tonyalaribe/xxhash
    name: xxhash
    pantry-tree:
      sha256: 36e7f55c49eb37693fb7198c46e161319280bfbfa103fd7c40a8780c8ca61851
      size: 718
    subdir: .
    version: 0.0.2
  original:
    commit: 0fa01adb871e66996d4ed2c27a3e97fac39ac466
    git: https://github.com/tonyalaribe/xxhash
    subdir: .
- completed:
    commit: 893368e6010a87c3a2d33227af675b4fb8fe411f
    git: https://github.com/tonyalaribe/tmp-postgres
    name: tmp-postgres
    pantry-tree:
      sha256: 7a222e08cb994348632ea7436ff696635c1672e0ca8bbc996d073df7755f7cd6
      size: 1616
    subdir: .
    version: 1.35.0.0
  original:
    commit: 893368e6010a87c3a2d33227af675b4fb8fe411f
    git: https://github.com/tonyalaribe/tmp-postgres
    subdir: .
snapshots:
- completed:
    sha256: cc3c93cff178d257962029c944aca6e1408474e63c84d6a48ccc57bd2f5df999
    size: 653568
    url: https://raw.githubusercontent.com/commercialhaskell/stackage-snapshots/master/nightly/2024/8/23.yaml
  original: nightly-2024-08-23
